
Microsoft Visual Studio Solution File, Format Version 12.00
# Visual Studio Version 17
VisualStudioVersion = 17.9.34723.18
MinimumVisualStudioVersion = 10.0.40219.1
Project("{8BC9CEB8-8B4A-11D0-8D11-00A0C91BC942}") = "sspmake", "sspmake.vcxproj", "{8158EEEF-4C57-4B8B-9A1E-AF0B502F6A94}"
EndProject
Global
	GlobalSection(SolutionConfigurationPlatforms) = preSolution
		Debug|x64 = Debug|x64
		Debug|x86 = Debug|x86
		Release|x64 = Release|x64
		Release|x86 = Release|x86
	EndGlobalSection
	GlobalSection(ProjectConfigurationPlatforms) = postSolution
		{8158EEEF-4C57-4B8B-9A1E-AF0B502F6A94}.Debug|x64.ActiveCfg = Debug|x64
		{8158EEEF-4C57-4B8B-9A1E-AF0B502F6A94}.Debug|x64.Build.0 = Debug|x64
		{8158EEEF-4C57-4B8B-9A1E-AF0B502F6A94}.Debug|x86.ActiveCfg = Debug|Win32
		{8158EEEF-4C57-4B8B-9A1E-AF0B502F6A94}.Debug|x86.Build.0 = Debug|Win32
		{8158EEEF-4C57-4B8B-9A1E-AF0B502F6A94}.Release|x64.ActiveCfg = Release|x64
		{8158EEEF-4C57-4B8B-9A1E-AF0B502F6A94}.Release|x64.Build.0 = Release|x64
		{8158EEEF-4C57-4B8B-9A1E-AF0B502F6A94}.Release|x86.ActiveCfg = Release|Win32
		{8158EEEF-4C57-4B8B-9A1E-AF0B502F6A94}.Release|x86.Build.0 = Release|Win32
	EndGlobalSection
	GlobalSection(SolutionProperties) = preSolution
		HideSolutionNode = FALSE
	EndGlobalSection
	GlobalSection(ExtensibilityGlobals) = postSolution
		SolutionGuid = {085DBF9A-1DA5-42EF-A98A-EE64418BAB6F}
	EndGlobalSection
EndGlobal
